
Microsoft Visual Studio Solution File, Format Version 12.00
# Visual Studio Version 16
VisualStudioVersion = 16.0.31105.61
MinimumVisualStudioVersion = 10.0.40219.1
Project("{FAE04EC0-301F-11D3-BF4B-00C04F79EFBC}") = "DTOTooling", "DTOTooling\DTOTooling.csproj", "{E7F266B0-21EE-42A4-A971-281C6292FA89}"
EndProject
Global
	GlobalSection(SolutionConfigurationPlatforms) = preSolution
		Debug|Any CPU = Debug|Any CPU
		Release|Any CPU = Release|Any CPU
	EndGlobalSection
	GlobalSection(ProjectConfigurationPlatforms) = postSolution
		{E7F266B0-21EE-42A4-A971-281C6292FA89}.Debug|Any CPU.ActiveCfg = Debug|Any CPU
		{E7F266B0-21EE-42A4-A971-281C6292FA89}.Debug|Any CPU.Build.0 = Debug|Any CPU
		{E7F266B0-21EE-42A4-A971-281C6292FA89}.Release|Any CPU.ActiveCfg = Release|Any CPU
		{E7F266B0-21EE-42A4-A971-281C6292FA89}.Release|Any CPU.Build.0 = Release|Any CPU
	EndGlobalSection
	GlobalSection(SolutionProperties) = preSolution
		HideSolutionNode = FALSE
	EndGlobalSection
	GlobalSection(ExtensibilityGlobals) = postSolution
		SolutionGuid = {B031AD13-1DCD-4D8B-AFB6-75E035AE8A22}
	EndGlobalSection
EndGlobal
